{
  "nodes": {
    "flakeNimbleLib": {
      "inputs": {
        "nixpkgs": [
          "nixpkgs"
        ]
      },
      "locked": {
        "lastModified": 1662018438,
        "narHash": "sha256-QtNtU6+LX3Wokxf0zlFwKTFOcn6TeDjKQZ+DA9OYtvM=",
        "owner": "riinr",
        "repo": "nim-flakes-lib",
        "rev": "b1fe8340736e3a85d25c709ac3dfd82a55c03cbf",
        "type": "github"
      },
      "original": {
        "owner": "riinr",
        "ref": "master",
        "repo": "nim-flakes-lib",
        "type": "github"
      }
    },
    "nixpkgs": {
      "locked": {
        "lastModified": 1667199707,
        "narHash": "sha256-I2Js3Y7gUyVSEXPULHlBoRek4Lh85vnevdS6mdvDNLI=",
        "owner": "NixOS",
        "repo": "nixpkgs",
        "rev": "ced197be72099edcfa68ebed8b87af7b04851f45",
        "type": "github"
      },
      "original": {
        "id": "nixpkgs",
        "type": "indirect"
      }
    },
    "root": {
      "inputs": {
        "flakeNimbleLib": "flakeNimbleLib",
        "nixpkgs": "nixpkgs",
        "xkb-main": "xkb-main"
      }
    },
    "src-xkb-main": {
      "flake": false,
      "locked": {
        "lastModified": 1659299173,
        "narHash": "sha256-YR4cmGOv9ZcO0QUNBxaAjyFECKyxo2/tNJLsyMmkMPc=",
        "owner": "j-james",
        "repo": "nim-xkbcommon",
        "rev": "4c0f36b4632e185201d7f24819a4b0d138563221",
        "type": "github"
      },
      "original": {
        "owner": "j-james",
        "ref": "refs/heads/main",
        "repo": "nim-xkbcommon",
        "type": "github"
      }
    },
    "xkb-main": {
      "inputs": {
        "flakeNimbleLib": [
          "flakeNimbleLib"
        ],
        "nixpkgs": [
          "nixpkgs"
        ],
        "src-xkb-main": "src-xkb-main"
      },
      "locked": {
        "dir": "main",
        "lastModified": 1667322808,
        "narHash": "sha256-JHIYygFJ7guVUSHYAKDDyRIFqFbWmD0nb8w/C+5mhkg=",
        "owner": "nim-nix-pkgs",
        "repo": "xkb",
        "rev": "a0b22348ec2ee4b6c4a5c1e0692167aa443b9452",
        "type": "github"
      },
      "original": {
        "dir": "main",
        "owner": "nim-nix-pkgs",
        "ref": "master",
        "repo": "xkb",
        "type": "github"
      }
    }
  },
  "root": "root",
  "version": 7
}
