{
  "nodes": {
    "flakeNimbleLib": {
      "inputs": {
        "nixpkgs": [
          "nixpkgs"
        ]
      },
      "locked": {
        "lastModified": 1662018438,
        "narHash": "sha256-QtNtU6+LX3Wokxf0zlFwKTFOcn6TeDjKQZ+DA9OYtvM=",
        "owner": "riinr",
        "repo": "nim-flakes-lib",
        "rev": "b1fe8340736e3a85d25c709ac3dfd82a55c03cbf",
        "type": "github"
      },
      "original": {
        "owner": "riinr",
        "ref": "master",
        "repo": "nim-flakes-lib",
        "type": "github"
      }
    },
    "nixpkgs": {
      "locked": {
        "lastModified": 1667110639,
        "narHash": "sha256-4FbPESZ5LbqQxkJJJBAfk/zKgF9h/4kyUwjjpJwYlbc=",
        "owner": "NixOS",
        "repo": "nixpkgs",
        "rev": "f38a1f04d1bec1feb61fd101a0539ae2002a7087",
        "type": "github"
      },
      "original": {
        "id": "nixpkgs",
        "type": "indirect"
      }
    },
    "root": {
      "inputs": {
        "flakeNimbleLib": "flakeNimbleLib",
        "nixpkgs": "nixpkgs",
        "xkb-main": "xkb-main"
      }
    },
    "src-xkb-main": {
      "flake": false,
      "locked": {
        "lastModified": 1659299173,
        "narHash": "sha256-YR4cmGOv9ZcO0QUNBxaAjyFECKyxo2/tNJLsyMmkMPc=",
        "owner": "j-james",
        "repo": "nim-xkbcommon",
        "rev": "4c0f36b4632e185201d7f24819a4b0d138563221",
        "type": "github"
      },
      "original": {
        "owner": "j-james",
        "ref": "refs/heads/main",
        "repo": "nim-xkbcommon",
        "type": "github"
      }
    },
    "xkb-main": {
      "inputs": {
        "flakeNimbleLib": [
          "flakeNimbleLib"
        ],
        "nixpkgs": [
          "nixpkgs"
        ],
        "src-xkb-main": "src-xkb-main"
      },
      "locked": {
        "dir": "main",
        "lastModified": 1662254949,
        "narHash": "sha256-AezebYoLOunsq7yESEurK7PxWMK0lALOm0rY7gW9u9I=",
        "owner": "nim-nix-pkgs",
        "repo": "xkb",
        "rev": "8f2d69a12703ef90a4b0aa2bee9455289b545b43",
        "type": "github"
      },
      "original": {
        "dir": "main",
        "owner": "nim-nix-pkgs",
        "ref": "master",
        "repo": "xkb",
        "type": "github"
      }
    }
  },
  "root": "root",
  "version": 7
}
